
Microsoft Visual Studio Solution File, Format Version 12.00
# Visual Studio Version 17
VisualStudioVersion = 17.1.32210.238
MinimumVisualStudioVersion = 10.0.40219.1
Project("{FAE04EC0-301F-11D3-BF4B-00C04F79EFBC}") = "NeeZoxeClicker", "NeeZoxeClicker\NeeZoxeClicker.csproj", "{17E769DD-7680-4F28-9559-B12F6B59AB02}"
EndProject
Global
	GlobalSection(SolutionConfigurationPlatforms) = preSolution
		Debug|Any CPU = Debug|Any CPU
		Release|Any CPU = Release|Any CPU
	EndGlobalSection
	GlobalSection(ProjectConfigurationPlatforms) = postSolution
		{17E769DD-7680-4F28-9559-B12F6B59AB02}.Debug|Any CPU.ActiveCfg = Debug|Any CPU
		{17E769DD-7680-4F28-9559-B12F6B59AB02}.Debug|Any CPU.Build.0 = Debug|Any CPU
		{17E769DD-7680-4F28-9559-B12F6B59AB02}.Release|Any CPU.ActiveCfg = Release|Any CPU
		{17E769DD-7680-4F28-9559-B12F6B59AB02}.Release|Any CPU.Build.0 = Release|Any CPU
	EndGlobalSection
	GlobalSection(SolutionProperties) = preSolution
		HideSolutionNode = FALSE
	EndGlobalSection
	GlobalSection(ExtensibilityGlobals) = postSolution
		SolutionGuid = {2EAD53E1-5ED0-468E-8B29-5AB24C9E9619}
	EndGlobalSection
EndGlobal
